# generated by rye
# use `rye lock` or `rye sync` to update this lockfile
#
# last locked with the following flags:
#   pre: false
#   features: []
#   all-features: false
#   with-sources: false
#   generate-hashes: false
#   universal: false

-e file:.
acme==3.0.1
    # via hass-nabucasa
aiodns==3.2.0
    # via homeassistant
aiofiles==24.1.0
    # via hass-oidc-auth
aiohappyeyeballs==2.4.4
    # via aiohttp
aiohasupervisor==0.2.1
    # via homeassistant
aiohttp==3.11.11
    # via aiohasupervisor
    # via aiohttp-cors
    # via aiohttp-fast-zlib
    # via hass-nabucasa
    # via homeassistant
    # via snitun
aiohttp-cors==0.7.0
    # via homeassistant
aiohttp-fast-zlib==0.2.0
    # via homeassistant
aiooui==0.1.7
    # via bluetooth-adapters
aiosignal==1.3.2
    # via aiohttp
aiozoneinfo==0.2.1
    # via homeassistant
anyio==4.7.0
    # via httpx
astral==2.2
    # via homeassistant
astroid==3.3.8
    # via pylint
async-interrupt==1.2.0
    # via habluetooth
    # via homeassistant
async-timeout==5.0.1
    # via snitun
atomicwrites-homeassistant==1.4.1
    # via hass-nabucasa
    # via homeassistant
attrs==24.2.0
    # via aiohttp
    # via hass-nabucasa
    # via homeassistant
    # via snitun
audioop-lts==0.2.1
    # via homeassistant
    # via standard-aifc
awesomeversion==24.6.0
    # via homeassistant
bcrypt==4.2.0
    # via homeassistant
bleak==0.22.3
    # via bleak-retry-connector
    # via bluetooth-adapters
    # via habluetooth
bleak-retry-connector==3.6.0
    # via habluetooth
bluetooth-adapters==0.20.2
    # via bleak-retry-connector
    # via bluetooth-auto-recovery
    # via habluetooth
bluetooth-auto-recovery==1.4.2
    # via habluetooth
bluetooth-data-tools==1.20.0
    # via habluetooth
boto3==1.35.87
    # via pycognito
botocore==1.35.87
    # via boto3
    # via s3transfer
btsocket==0.3.0
    # via bluetooth-auto-recovery
certifi==2024.12.14
    # via homeassistant
    # via httpcore
    # via httpx
    # via requests
cffi==1.17.1
    # via cryptography
    # via pycares
charset-normalizer==3.4.0
    # via requests
ciso8601==2.3.1
    # via hass-nabucasa
    # via homeassistant
cryptography==43.0.1
    # via acme
    # via bluetooth-data-tools
    # via hass-nabucasa
    # via homeassistant
    # via josepy
    # via pyjwt
    # via pyopenssl
    # via securetar
    # via snitun
dbus-fast==2.24.4
    # via bleak
    # via bleak-retry-connector
    # via bluetooth-adapters
dill==0.3.9
    # via pylint
ecdsa==0.19.0
    # via python-jose
envs==1.4
    # via pycognito
fnv-hash-fast==1.0.2
    # via homeassistant
fnvhash==0.1.0
    # via fnv-hash-fast
frozenlist==1.5.0
    # via aiohttp
    # via aiosignal
h11==0.14.0
    # via httpcore
habluetooth==3.6.0
    # via home-assistant-bluetooth
hass-nabucasa==0.86.0
    # via homeassistant
home-assistant-bluetooth==1.13.0
    # via homeassistant
homeassistant==2024.12.5
httpcore==1.0.7
    # via httpx
httpx==0.27.2
    # via homeassistant
idna==3.10
    # via anyio
    # via httpx
    # via requests
    # via yarl
ifaddr==0.2.0
    # via homeassistant
isort==5.13.2
    # via pylint
jinja2==3.1.4
    # via hass-oidc-auth
    # via homeassistant
jmespath==1.0.1
    # via boto3
    # via botocore
josepy==1.14.0
    # via acme
lru-dict==1.3.0
    # via homeassistant
markupsafe==3.0.2
    # via jinja2
mashumaro==3.15
    # via aiohasupervisor
    # via webrtc-models
mccabe==0.7.0
    # via pylint
multidict==6.1.0
    # via aiohttp
    # via yarl
orjson==3.10.12
    # via aiohasupervisor
    # via homeassistant
    # via webrtc-models
packaging==24.2
    # via homeassistant
pillow==11.0.0
    # via homeassistant
platformdirs==4.3.6
    # via pylint
propcache==0.2.1
    # via aiohttp
    # via homeassistant
    # via yarl
psutil==6.1.1
    # via psutil-home-assistant
psutil-home-assistant==0.0.1
    # via homeassistant
pyasn1==0.6.1
    # via python-jose
    # via rsa
pycares==4.5.0
    # via aiodns
pycognito==2024.5.1
    # via hass-nabucasa
pycparser==2.22
    # via cffi
pyjwt==2.10.1
    # via hass-nabucasa
    # via homeassistant
    # via pycognito
pylint==3.3.3
pyopenssl==24.2.1
    # via acme
    # via homeassistant
    # via josepy
pyrfc3339==2.0.1
    # via acme
pyric==0.1.6.3
    # via bluetooth-auto-recovery
python-dateutil==2.9.0.post0
    # via botocore
python-jose==3.3.0
    # via hass-oidc-auth
python-slugify==8.0.4
    # via homeassistant
pytz==2024.2
    # via acme
    # via astral
pyyaml==6.0.2
    # via homeassistant
requests==2.32.3
    # via acme
    # via homeassistant
    # via pycognito
rsa==4.9
    # via python-jose
s3transfer==0.10.4
    # via boto3
securetar==2024.11.0
    # via homeassistant
setuptools==75.6.0
    # via acme
six==1.17.0
    # via ecdsa
    # via python-dateutil
sniffio==1.3.1
    # via anyio
    # via httpx
snitun==0.39.1
    # via hass-nabucasa
sqlalchemy==2.0.36
    # via homeassistant
standard-aifc==3.13.0
    # via homeassistant
standard-chunk==3.13.0
    # via standard-aifc
standard-telnetlib==3.13.0
    # via homeassistant
text-unidecode==1.3
    # via python-slugify
tomlkit==0.13.2
    # via pylint
typing-extensions==4.12.2
    # via homeassistant
    # via mashumaro
    # via sqlalchemy
tzdata==2024.2
    # via aiozoneinfo
uart-devices==0.1.0
    # via bluetooth-adapters
ulid-transform==1.0.2
    # via homeassistant
urllib3==1.26.20
    # via botocore
    # via homeassistant
    # via requests
usb-devices==0.4.5
    # via bluetooth-adapters
    # via bluetooth-auto-recovery
uv==0.5.4
    # via homeassistant
voluptuous==0.15.2
    # via homeassistant
    # via voluptuous-openapi
    # via voluptuous-serialize
voluptuous-openapi==0.0.5
    # via homeassistant
voluptuous-serialize==2.6.0
    # via homeassistant
webrtc-models==0.3.0
    # via hass-nabucasa
    # via homeassistant
yarl==1.18.3
    # via aiohasupervisor
    # via aiohttp
    # via homeassistant
